// !$*UTF8*$!
{
	archiveVersion = 1;
	classes = {
	};
	objectVersion = 56;
	objects = {

/* Begin PBXBuildFile section */
		3F3FD9F22BE11698006D933A /* CartViewModel.swift in Sources */ = {isa = PBXBuildFile; fileRef = 3F3FD9F12BE11698006D933A /* CartViewModel.swift */; };
		614CE8F52BDBCCB000B0DAE8 /* itemCardView.swift in Sources */ = {isa = PBXBuildFile; fileRef = 614CE8F42BDBCCB000B0DAE8 /* itemCardView.swift */; };
		61715A9F2BD9236300F83338 /* PiraruCookApp.swift in Sources */ = {isa = PBXBuildFile; fileRef = 61715A9E2BD9236300F83338 /* PiraruCookApp.swift */; };
		61715AA32BD9236400F83338 /* Assets.xcassets in Resources */ = {isa = PBXBuildFile; fileRef = 61715AA22BD9236400F83338 /* Assets.xcassets */; };
		61715AA62BD9236400F83338 /* Preview Assets.xcassets in Resources */ = {isa = PBXBuildFile; fileRef = 61715AA52BD9236400F83338 /* Preview Assets.xcassets */; };
		61E3BA4D2BE3B5D0001C0201 /* ProfileView.swift in Sources */ = {isa = PBXBuildFile; fileRef = 61E3BA4C2BE3B5D0001C0201 /* ProfileView.swift */; };
		8B0175172BE122410022410B /* DishDetailsViewModel.swift in Sources */ = {isa = PBXBuildFile; fileRef = 8B0175162BE122410022410B /* DishDetailsViewModel.swift */; };
		8B0175192BE12E700022410B /* ReviewCard.swift in Sources */ = {isa = PBXBuildFile; fileRef = 8B0175182BE12E700022410B /* ReviewCard.swift */; };
		8B6F4E012BDBE8FB00ED83E3 /* ChevronDownComponent.swift in Sources */ = {isa = PBXBuildFile; fileRef = 8B6F4E002BDBE8FB00ED83E3 /* ChevronDownComponent.swift */; };
		8BB75C392BD9510100CB87B9 /* Receitas.json in Resources */ = {isa = PBXBuildFile; fileRef = 8BB75C382BD9510100CB87B9 /* Receitas.json */; };
		8BB75C3C2BDAA4EB00CB87B9 /* ItemDetailsView.swift in Sources */ = {isa = PBXBuildFile; fileRef = 8BB75C3B2BDAA4EB00CB87B9 /* ItemDetailsView.swift */; };
		8BB75C402BDAA6A400CB87B9 /* ReadJson.swift in Sources */ = {isa = PBXBuildFile; fileRef = 8BB75C3F2BDAA6A400CB87B9 /* ReadJson.swift */; };
		D353682F2BDFC6FD005C9CA6 /* MenuViewModel.swift in Sources */ = {isa = PBXBuildFile; fileRef = D353682E2BDFC6FD005C9CA6 /* MenuViewModel.swift */; };
		D3782FB22BE115A20041EEAC /* CardItemView.swift in Sources */ = {isa = PBXBuildFile; fileRef = D3782FB12BE115A20041EEAC /* CardItemView.swift */; };
		D3DC3CC92BDBEA45001C4300 /* Cart.swift in Sources */ = {isa = PBXBuildFile; fileRef = D3DC3CC82BDBEA45001C4300 /* Cart.swift */; };
		D3DC3CCB2BDBEB1B001C4300 /* CartView.swift in Sources */ = {isa = PBXBuildFile; fileRef = D3DC3CCA2BDBEB1B001C4300 /* CartView.swift */; };
		D3DC3CCC2BDBF379001C4300 /* MenuView.swift in Sources */ = {isa = PBXBuildFile; fileRef = D3E98FB92BDBC89F00DCE016 /* MenuView.swift */; };
		D3E98FBC2BDBD7F900DCE016 /* TabBarView.swift in Sources */ = {isa = PBXBuildFile; fileRef = D3E98FBB2BDBD7F900DCE016 /* TabBarView.swift */; };
		D3E98FBE2BDBD8C900DCE016 /* Router.swift in Sources */ = {isa = PBXBuildFile; fileRef = D3E98FBD2BDBD8C900DCE016 /* Router.swift */; };
/* End PBXBuildFile section */

/* Begin PBXFileReference section */
		3F3FD9F12BE11698006D933A /* CartViewModel.swift */ = {isa = PBXFileReference; lastKnownFileType = sourcecode.swift; path = CartViewModel.swift; sourceTree = "<group>"; };
		614CE8F42BDBCCB000B0DAE8 /* itemCardView.swift */ = {isa = PBXFileReference; lastKnownFileType = sourcecode.swift; path = itemCardView.swift; sourceTree = "<group>"; };
		61715A9B2BD9236300F83338 /* PiraruCook.app */ = {isa = PBXFileReference; explicitFileType = wrapper.application; includeInIndex = 0; path = PiraruCook.app; sourceTree = BUILT_PRODUCTS_DIR; };
		61715A9E2BD9236300F83338 /* PiraruCookApp.swift */ = {isa = PBXFileReference; lastKnownFileType = sourcecode.swift; path = PiraruCookApp.swift; sourceTree = "<group>"; };
		61715AA22BD9236400F83338 /* Assets.xcassets */ = {isa = PBXFileReference; lastKnownFileType = folder.assetcatalog; path = Assets.xcassets; sourceTree = "<group>"; };
		61715AA52BD9236400F83338 /* Preview Assets.xcassets */ = {isa = PBXFileReference; lastKnownFileType = folder.assetcatalog; path = "Preview Assets.xcassets"; sourceTree = "<group>"; };
		61E3BA4C2BE3B5D0001C0201 /* ProfileView.swift */ = {isa = PBXFileReference; lastKnownFileType = sourcecode.swift; path = ProfileView.swift; sourceTree = "<group>"; };
		61E3BA4E2BE3B869001C0201 /* PiraruCook.entitlements */ = {isa = PBXFileReference; lastKnownFileType = text.plist.entitlements; path = PiraruCook.entitlements; sourceTree = "<group>"; };
		8B0175162BE122410022410B /* DishDetailsViewModel.swift */ = {isa = PBXFileReference; lastKnownFileType = sourcecode.swift; name = DishDetailsViewModel.swift; path = PiraruCook/Views/DishDetailsViewModel.swift; sourceTree = SOURCE_ROOT; };
		8B0175182BE12E700022410B /* ReviewCard.swift */ = {isa = PBXFileReference; lastKnownFileType = sourcecode.swift; path = ReviewCard.swift; sourceTree = "<group>"; };
		8B6F4E002BDBE8FB00ED83E3 /* ChevronDownComponent.swift */ = {isa = PBXFileReference; lastKnownFileType = sourcecode.swift; path = ChevronDownComponent.swift; sourceTree = "<group>"; };
		8BB75C382BD9510100CB87B9 /* Receitas.json */ = {isa = PBXFileReference; lastKnownFileType = text.json; path = Receitas.json; sourceTree = "<group>"; };
		8BB75C3B2BDAA4EB00CB87B9 /* ItemDetailsView.swift */ = {isa = PBXFileReference; lastKnownFileType = sourcecode.swift; path = ItemDetailsView.swift; sourceTree = "<group>"; };
		8BB75C3F2BDAA6A400CB87B9 /* ReadJson.swift */ = {isa = PBXFileReference; lastKnownFileType = sourcecode.swift; path = ReadJson.swift; sourceTree = "<group>"; };
		D353682E2BDFC6FD005C9CA6 /* MenuViewModel.swift */ = {isa = PBXFileReference; lastKnownFileType = sourcecode.swift; path = MenuViewModel.swift; sourceTree = SOURCE_ROOT; };
		D3782FB12BE115A20041EEAC /* CardItemView.swift */ = {isa = PBXFileReference; lastKnownFileType = sourcecode.swift; path = CardItemView.swift; sourceTree = SOURCE_ROOT; };
		D3DC3CC82BDBEA45001C4300 /* Cart.swift */ = {isa = PBXFileReference; lastKnownFileType = sourcecode.swift; path = Cart.swift; sourceTree = "<group>"; };
		D3DC3CCA2BDBEB1B001C4300 /* CartView.swift */ = {isa = PBXFileReference; lastKnownFileType = sourcecode.swift; path = CartView.swift; sourceTree = "<group>"; };
		D3E98FB92BDBC89F00DCE016 /* MenuView.swift */ = {isa = PBXFileReference; lastKnownFileType = sourcecode.swift; path = MenuView.swift; sourceTree = "<group>"; };
		D3E98FBB2BDBD7F900DCE016 /* TabBarView.swift */ = {isa = PBXFileReference; lastKnownFileType = sourcecode.swift; path = TabBarView.swift; sourceTree = "<group>"; };
		D3E98FBD2BDBD8C900DCE016 /* Router.swift */ = {isa = PBXFileReference; lastKnownFileType = sourcecode.swift; path = Router.swift; sourceTree = "<group>"; };
/* End PBXFileReference section */

/* Begin PBXFrameworksBuildPhase section */
		61715A982BD9236300F83338 /* Frameworks */ = {
			isa = PBXFrameworksBuildPhase;
			buildActionMask = 2147483647;
			files = (
			);
			runOnlyForDeploymentPostprocessing = 0;
		};
/* End PBXFrameworksBuildPhase section */

/* Begin PBXGroup section */
		3F852DDE2BDC0E5B00962A5F /* Views */ = {
			isa = PBXGroup;
			children = (
				614CE8F42BDBCCB000B0DAE8 /* itemCardView.swift */,
				D3DC3CCA2BDBEB1B001C4300 /* CartView.swift */,
				8B6F4E002BDBE8FB00ED83E3 /* ChevronDownComponent.swift */,
				8BB75C3B2BDAA4EB00CB87B9 /* ItemDetailsView.swift */,
				D3E98FB92BDBC89F00DCE016 /* MenuView.swift */,
				D3E98FBB2BDBD7F900DCE016 /* TabBarView.swift */,
				8B0175182BE12E700022410B /* ReviewCard.swift */,
				61E3BA4C2BE3B5D0001C0201 /* ProfileView.swift */,
			);
			path = Views;
			sourceTree = "<group>";
		};
		3F852DDF2BDC0E7800962A5F /* ViewModel */ = {
			isa = PBXGroup;
			children = (
				D353682E2BDFC6FD005C9CA6 /* MenuViewModel.swift */,
				3F3FD9F12BE11698006D933A /* CartViewModel.swift */,
				8B0175162BE122410022410B /* DishDetailsViewModel.swift */,
			);
			path = ViewModel;
			sourceTree = "<group>";
		};
		3F852DE02BDC0E7E00962A5F /* Models */ = {
			isa = PBXGroup;
			children = (
				D3DC3CC82BDBEA45001C4300 /* Cart.swift */,
				8BB75C3F2BDAA6A400CB87B9 /* ReadJson.swift */,
			);
			path = Models;
			sourceTree = "<group>";
		};
		3F852DE12BDC0EA000962A5F /* Resources */ = {
			isa = PBXGroup;
			children = (
				D3782FB12BE115A20041EEAC /* CardItemView.swift */,
			);
			path = Resources;
			sourceTree = "<group>";
		};
		3F852DE22BDC0EB200962A5F /* Utilities */ = {
			isa = PBXGroup;
			children = (
				D3E98FBD2BDBD8C900DCE016 /* Router.swift */,
			);
			path = Utilities;
			sourceTree = "<group>";
		};
		61715A922BD9236300F83338 = {
			isa = PBXGroup;
			children = (
				61715A9D2BD9236300F83338 /* PiraruCook */,
				61715A9C2BD9236300F83338 /* Products */,
			);
			sourceTree = "<group>";
		};
		61715A9C2BD9236300F83338 /* Products */ = {
			isa = PBXGroup;
			children = (
				61715A9B2BD9236300F83338 /* PiraruCook.app */,
			);
			name = Products;
			sourceTree = "<group>";
		};
		61715A9D2BD9236300F83338 /* PiraruCook */ = {
			isa = PBXGroup;
			children = (
				61E3BA4E2BE3B869001C0201 /* PiraruCook.entitlements */,
				3F852DE12BDC0EA000962A5F /* Resources */,
				3F852DE22BDC0EB200962A5F /* Utilities */,
				3F852DE02BDC0E7E00962A5F /* Models */,
				3F852DDE2BDC0E5B00962A5F /* Views */,
				3F852DDF2BDC0E7800962A5F /* ViewModel */,
				8BB75C372BD9506600CB87B9 /* ItensJson */,
				61715A9E2BD9236300F83338 /* PiraruCookApp.swift */,
				61715AA22BD9236400F83338 /* Assets.xcassets */,
				61715AA42BD9236400F83338 /* Preview Content */,
			);
			path = PiraruCook;
			sourceTree = "<group>";
		};
		61715AA42BD9236400F83338 /* Preview Content */ = {
			isa = PBXGroup;
			children = (
				61715AA52BD9236400F83338 /* Preview Assets.xcassets */,
			);
			path = "Preview Content";
			sourceTree = "<group>";
		};
		8BB75C372BD9506600CB87B9 /* ItensJson */ = {
			isa = PBXGroup;
			children = (
				8BB75C382BD9510100CB87B9 /* Receitas.json */,
			);
			path = ItensJson;
			sourceTree = "<group>";
		};
/* End PBXGroup section */

/* Begin PBXNativeTarget section */
		61715A9A2BD9236300F83338 /* PiraruCook */ = {
			isa = PBXNativeTarget;
			buildConfigurationList = 61715AA92BD9236400F83338 /* Build configuration list for PBXNativeTarget "PiraruCook" */;
			buildPhases = (
				61715A972BD9236300F83338 /* Sources */,
				61715A982BD9236300F83338 /* Frameworks */,
				61715A992BD9236300F83338 /* Resources */,
			);
			buildRules = (
			);
			dependencies = (
			);
			name = PiraruCook;
			productName = PiraruCook;
			productReference = 61715A9B2BD9236300F83338 /* PiraruCook.app */;
			productType = "com.apple.product-type.application";
		};
/* End PBXNativeTarget section */

/* Begin PBXProject section */
		61715A932BD9236300F83338 /* Project object */ = {
			isa = PBXProject;
			attributes = {
				BuildIndependentTargetsInParallel = 1;
				LastSwiftUpdateCheck = 1530;
				LastUpgradeCheck = 1530;
				TargetAttributes = {
					61715A9A2BD9236300F83338 = {
						CreatedOnToolsVersion = 15.3;
					};
				};
			};
			buildConfigurationList = 61715A962BD9236300F83338 /* Build configuration list for PBXProject "PiraruCook" */;
			compatibilityVersion = "Xcode 14.0";
			developmentRegion = en;
			hasScannedForEncodings = 0;
			knownRegions = (
				en,
				Base,
			);
			mainGroup = 61715A922BD9236300F83338;
			productRefGroup = 61715A9C2BD9236300F83338 /* Products */;
			projectDirPath = "";
			projectRoot = "";
			targets = (
				61715A9A2BD9236300F83338 /* PiraruCook */,
			);
		};
/* End PBXProject section */

/* Begin PBXResourcesBuildPhase section */
		61715A992BD9236300F83338 /* Resources */ = {
			isa = PBXResourcesBuildPhase;
			buildActionMask = 2147483647;
			files = (
				8BB75C392BD9510100CB87B9 /* Receitas.json in Resources */,
				61715AA62BD9236400F83338 /* Preview Assets.xcassets in Resources */,
				61715AA32BD9236400F83338 /* Assets.xcassets in Resources */,
			);
			runOnlyForDeploymentPostprocessing = 0;
		};
/* End PBXResourcesBuildPhase section */

/* Begin PBXSourcesBuildPhase section */
		61715A972BD9236300F83338 /* Sources */ = {
			isa = PBXSourcesBuildPhase;
			buildActionMask = 2147483647;
			files = (
				3F3FD9F22BE11698006D933A /* CartViewModel.swift in Sources */,
				614CE8F52BDBCCB000B0DAE8 /* itemCardView.swift in Sources */,
				D3DC3CCB2BDBEB1B001C4300 /* CartView.swift in Sources */,
				D3DC3CCC2BDBF379001C4300 /* MenuView.swift in Sources */,
				D3E98FBE2BDBD8C900DCE016 /* Router.swift in Sources */,
				D3DC3CC92BDBEA45001C4300 /* Cart.swift in Sources */,
				D3782FB22BE115A20041EEAC /* CardItemView.swift in Sources */,
				D353682F2BDFC6FD005C9CA6 /* MenuViewModel.swift in Sources */,
				61E3BA4D2BE3B5D0001C0201 /* ProfileView.swift in Sources */,
				D3E98FBC2BDBD7F900DCE016 /* TabBarView.swift in Sources */,
				8B0175172BE122410022410B /* DishDetailsViewModel.swift in Sources */,
				8B6F4E012BDBE8FB00ED83E3 /* ChevronDownComponent.swift in Sources */,
				61715A9F2BD9236300F83338 /* PiraruCookApp.swift in Sources */,
				8BB75C3C2BDAA4EB00CB87B9 /* ItemDetailsView.swift in Sources */,
				8BB75C402BDAA6A400CB87B9 /* ReadJson.swift in Sources */,
				8B0175192BE12E700022410B /* ReviewCard.swift in Sources */,
			);
			runOnlyForDeploymentPostprocessing = 0;
		};
/* End PBXSourcesBuildPhase section */

/* Begin XCBuildConfiguration section */
		61715AA72BD9236400F83338 /* Debug */ = {
			isa = XCBuildConfiguration;
			buildSettings = {
				ALWAYS_SEARCH_USER_PATHS = NO;
				ASSETCATALOG_COMPILER_GENERATE_SWIFT_ASSET_SYMBOL_EXTENSIONS = YES;
				CLANG_ANALYZER_NONNULL = YES;
				CLANG_ANALYZER_NUMBER_OBJECT_CONVERSION = YES_AGGRESSIVE;
				CLANG_CXX_LANGUAGE_STANDARD = "gnu++20";
				CLANG_ENABLE_MODULES = YES;
				CLANG_ENABLE_OBJC_ARC = YES;
				CLANG_ENABLE_OBJC_WEAK = YES;
				CLANG_WARN_BLOCK_CAPTURE_AUTORELEASING = YES;
				CLANG_WARN_BOOL_CONVERSION = YES;
				CLANG_WARN_COMMA = YES;
				CLANG_WARN_CONSTANT_CONVERSION = YES;
				CLANG_WARN_DEPRECATED_OBJC_IMPLEMENTATIONS = YES;
				CLANG_WARN_DIRECT_OBJC_ISA_USAGE = YES_ERROR;
				CLANG_WARN_DOCUMENTATION_COMMENTS = YES;
				CLANG_WARN_EMPTY_BODY = YES;
				CLANG_WARN_ENUM_CONVERSION = YES;
				CLANG_WARN_INFINITE_RECURSION = YES;
				CLANG_WARN_INT_CONVERSION = YES;
				CLANG_WARN_NON_LITERAL_NULL_CONVERSION = YES;
				CLANG_WARN_OBJC_IMPLICIT_RETAIN_SELF = YES;
				CLANG_WARN_OBJC_LITERAL_CONVERSION = YES;
				CLANG_WARN_OBJC_ROOT_CLASS = YES_ERROR;
				CLANG_WARN_QUOTED_INCLUDE_IN_FRAMEWORK_HEADER = YES;
				CLANG_WARN_RANGE_LOOP_ANALYSIS = YES;
				CLANG_WARN_STRICT_PROTOTYPES = YES;
				CLANG_WARN_SUSPICIOUS_MOVE = YES;
				CLANG_WARN_UNGUARDED_AVAILABILITY = YES_AGGRESSIVE;
				CLANG_WARN_UNREACHABLE_CODE = YES;
				CLANG_WARN__DUPLICATE_METHOD_MATCH = YES;
				COPY_PHASE_STRIP = NO;
				DEBUG_INFORMATION_FORMAT = dwarf;
				ENABLE_STRICT_OBJC_MSGSEND = YES;
				ENABLE_TESTABILITY = YES;
				ENABLE_USER_SCRIPT_SANDBOXING = YES;
				GCC_C_LANGUAGE_STANDARD = gnu17;
				GCC_DYNAMIC_NO_PIC = NO;
				GCC_NO_COMMON_BLOCKS = YES;
				GCC_OPTIMIZATION_LEVEL = 0;
				GCC_PREPROCESSOR_DEFINITIONS = (
					"DEBUG=1",
					"$(inherited)",
				);
				GCC_WARN_64_TO_32_BIT_CONVERSION = YES;
				GCC_WARN_ABOUT_RETURN_TYPE = YES_ERROR;
				GCC_WARN_UNDECLARED_SELECTOR = YES;
				GCC_WARN_UNINITIALIZED_AUTOS = YES_AGGRESSIVE;
				GCC_WARN_UNUSED_FUNCTION = YES;
				GCC_WARN_UNUSED_VARIABLE = YES;
				IPHONEOS_DEPLOYMENT_TARGET = 17.0;
				LOCALIZATION_PREFERS_STRING_CATALOGS = YES;
				MTL_ENABLE_DEBUG_INFO = INCLUDE_SOURCE;
				MTL_FAST_MATH = YES;
				ONLY_ACTIVE_ARCH = YES;
				SDKROOT = iphoneos;
				SWIFT_ACTIVE_COMPILATION_CONDITIONS = "DEBUG $(inherited)";
				SWIFT_OPTIMIZATION_LEVEL = "-Onone";
			};
			name = Debug;
		};
		61715AA82BD9236400F83338 /* Release */ = {
			isa = XCBuildConfiguration;
			buildSettings = {
				ALWAYS_SEARCH_USER_PATHS = NO;
				ASSETCATALOG_COMPILER_GENERATE_SWIFT_ASSET_SYMBOL_EXTENSIONS = YES;
				CLANG_ANALYZER_NONNULL = YES;
				CLANG_ANALYZER_NUMBER_OBJECT_CONVERSION = YES_AGGRESSIVE;
				CLANG_CXX_LANGUAGE_STANDARD = "gnu++20";
				CLANG_ENABLE_MODULES = YES;
				CLANG_ENABLE_OBJC_ARC = YES;
				CLANG_ENABLE_OBJC_WEAK = YES;
				CLANG_WARN_BLOCK_CAPTURE_AUTORELEASING = YES;
				CLANG_WARN_BOOL_CONVERSION = YES;
				CLANG_WARN_COMMA = YES;
				CLANG_WARN_CONSTANT_CONVERSION = YES;
				CLANG_WARN_DEPRECATED_OBJC_IMPLEMENTATIONS = YES;
				CLANG_WARN_DIRECT_OBJC_ISA_USAGE = YES_ERROR;
				CLANG_WARN_DOCUMENTATION_COMMENTS = YES;
				CLANG_WARN_EMPTY_BODY = YES;
				CLANG_WARN_ENUM_CONVERSION = YES;
				CLANG_WARN_INFINITE_RECURSION = YES;
				CLANG_WARN_INT_CONVERSION = YES;
				CLANG_WARN_NON_LITERAL_NULL_CONVERSION = YES;
				CLANG_WARN_OBJC_IMPLICIT_RETAIN_SELF = YES;
				CLANG_WARN_OBJC_LITERAL_CONVERSION = YES;
				CLANG_WARN_OBJC_ROOT_CLASS = YES_ERROR;
				CLANG_WARN_QUOTED_INCLUDE_IN_FRAMEWORK_HEADER = YES;
				CLANG_WARN_RANGE_LOOP_ANALYSIS = YES;
				CLANG_WARN_STRICT_PROTOTYPES = YES;
				CLANG_WARN_SUSPICIOUS_MOVE = YES;
				CLANG_WARN_UNGUARDED_AVAILABILITY = YES_AGGRESSIVE;
				CLANG_WARN_UNREACHABLE_CODE = YES;
				CLANG_WARN__DUPLICATE_METHOD_MATCH = YES;
				COPY_PHASE_STRIP = NO;
				DEBUG_INFORMATION_FORMAT = "dwarf-with-dsym";
				ENABLE_NS_ASSERTIONS = NO;
				ENABLE_STRICT_OBJC_MSGSEND = YES;
				ENABLE_USER_SCRIPT_SANDBOXING = YES;
				GCC_C_LANGUAGE_STANDARD = gnu17;
				GCC_NO_COMMON_BLOCKS = YES;
				GCC_WARN_64_TO_32_BIT_CONVERSION = YES;
				GCC_WARN_ABOUT_RETURN_TYPE = YES_ERROR;
				GCC_WARN_UNDECLARED_SELECTOR = YES;
				GCC_WARN_UNINITIALIZED_AUTOS = YES_AGGRESSIVE;
				GCC_WARN_UNUSED_FUNCTION = YES;
				GCC_WARN_UNUSED_VARIABLE = YES;
				IPHONEOS_DEPLOYMENT_TARGET = 17.0;
				LOCALIZATION_PREFERS_STRING_CATALOGS = YES;
				MTL_ENABLE_DEBUG_INFO = NO;
				MTL_FAST_MATH = YES;
				SDKROOT = iphoneos;
				SWIFT_COMPILATION_MODE = wholemodule;
				VALIDATE_PRODUCT = YES;
			};
			name = Release;
		};
		61715AAA2BD9236400F83338 /* Debug */ = {
			isa = XCBuildConfiguration;
			buildSettings = {
				ASSETCATALOG_COMPILER_APPICON_NAME = AppIcon;
				ASSETCATALOG_COMPILER_GLOBAL_ACCENT_COLOR_NAME = AccentColor;
				CODE_SIGN_ENTITLEMENTS = PiraruCook/PiraruCook.entitlements;
				CODE_SIGN_STYLE = Automatic;
				CURRENT_PROJECT_VERSION = 1;
				DEVELOPMENT_ASSET_PATHS = "\"PiraruCook/Preview Content\"";
				DEVELOPMENT_TEAM = KK45GWU9MA;
				ENABLE_PREVIEWS = YES;
				GENERATE_INFOPLIST_FILE = YES;
				INFOPLIST_KEY_UIApplicationSceneManifest_Generation = YES;
				INFOPLIST_KEY_UIApplicationSupportsIndirectInputEvents = YES;
				INFOPLIST_KEY_UILaunchScreen_Generation = YES;
				INFOPLIST_KEY_UISupportedInterfaceOrientations_iPad = "UIInterfaceOrientationPortrait UIInterfaceOrientationPortraitUpsideDown UIInterfaceOrientationLandscapeLeft UIInterfaceOrientationLandscapeRight";
				INFOPLIST_KEY_UISupportedInterfaceOrientations_iPhone = "UIInterfaceOrientationPortrait UIInterfaceOrientationLandscapeLeft UIInterfaceOrientationLandscapeRight";
				IPHONEOS_DEPLOYMENT_TARGET = 17.0;
				LD_RUNPATH_SEARCH_PATHS = (
					"$(inherited)",
					"@executable_path/Frameworks",
				);
				MARKETING_VERSION = 1.0;
				PRODUCT_BUNDLE_IDENTIFIER = br.com.piraruCook.pamellaAlvarenga.PiraruCook;
				PRODUCT_NAME = "$(TARGET_NAME)";
				SWIFT_EMIT_LOC_STRINGS = YES;
				SWIFT_VERSION = 5.0;
				TARGETED_DEVICE_FAMILY = "1,2";
			};
			name = Debug;
		};
		61715AAB2BD9236400F83338 /* Release */ = {
			isa = XCBuildConfiguration;
			buildSettings = {
				ASSETCATALOG_COMPILER_APPICON_NAME = AppIcon;
				ASSETCATALOG_COMPILER_GLOBAL_ACCENT_COLOR_NAME = AccentColor;
				CODE_SIGN_ENTITLEMENTS = PiraruCook/PiraruCook.entitlements;
				CODE_SIGN_STYLE = Automatic;
				CURRENT_PROJECT_VERSION = 1;
				DEVELOPMENT_ASSET_PATHS = "\"PiraruCook/Preview Content\"";
				DEVELOPMENT_TEAM = KK45GWU9MA;
				ENABLE_PREVIEWS = YES;
				GENERATE_INFOPLIST_FILE = YES;
				INFOPLIST_KEY_UIApplicationSceneManifest_Generation = YES;
				INFOPLIST_KEY_UIApplicationSupportsIndirectInputEvents = YES;
				INFOPLIST_KEY_UILaunchScreen_Generation = YES;
				INFOPLIST_KEY_UISupportedInterfaceOrientations_iPad = "UIInterfaceOrientationPortrait UIInterfaceOrientationPortraitUpsideDown UIInterfaceOrientationLandscapeLeft UIInterfaceOrientationLandscapeRight";
				INFOPLIST_KEY_UISupportedInterfaceOrientations_iPhone = "UIInterfaceOrientationPortrait UIInterfaceOrientationLandscapeLeft UIInterfaceOrientationLandscapeRight";
				IPHONEOS_DEPLOYMENT_TARGET = 17.0;
				LD_RUNPATH_SEARCH_PATHS = (
					"$(inherited)",
					"@executable_path/Frameworks",
				);
				MARKETING_VERSION = 1.0;
				PRODUCT_BUNDLE_IDENTIFIER = br.com.piraruCook.pamellaAlvarenga.PiraruCook;
				PRODUCT_NAME = "$(TARGET_NAME)";
				SWIFT_EMIT_LOC_STRINGS = YES;
				SWIFT_VERSION = 5.0;
				TARGETED_DEVICE_FAMILY = "1,2";
			};
			name = Release;
		};
/* End XCBuildConfiguration section */

/* Begin XCConfigurationList section */
		61715A962BD9236300F83338 /* Build configuration list for PBXProject "PiraruCook" */ = {
			isa = XCConfigurationList;
			buildConfigurations = (
				61715AA72BD9236400F83338 /* Debug */,
				61715AA82BD9236400F83338 /* Release */,
			);
			defaultConfigurationIsVisible = 0;
			defaultConfigurationName = Release;
		};
		61715AA92BD9236400F83338 /* Build configuration list for PBXNativeTarget "PiraruCook" */ = {
			isa = XCConfigurationList;
			buildConfigurations = (
				61715AAA2BD9236400F83338 /* Debug */,
				61715AAB2BD9236400F83338 /* Release */,
			);
			defaultConfigurationIsVisible = 0;
			defaultConfigurationName = Release;
		};
/* End XCConfigurationList section */
	};
	rootObject = 61715A932BD9236300F83338 /* Project object */;
}
